// !$*UTF8*$!
{
	archiveVersion = 1;
	classes = {
	};
	objectVersion = 56;
	objects = {

/* Begin PBXBuildFile section */
		2C30BA9528527D3C00553121 /* SwiftyDexApp.swift in Sources */ = {isa = PBXBuildFile; fileRef = 2C30BA9428527D3C00553121 /* SwiftyDexApp.swift */; };
		2C30BA9728527D3C00553121 /* Persistence.swift in Sources */ = {isa = PBXBuildFile; fileRef = 2C30BA9628527D3C00553121 /* Persistence.swift */; };
		2C30BA9A28527D3C00553121 /* SwiftyDex.xcdatamodeld in Sources */ = {isa = PBXBuildFile; fileRef = 2C30BA9828527D3C00553121 /* SwiftyDex.xcdatamodeld */; };
		2C30BA9C28527D3C00553121 /* ContentView.swift in Sources */ = {isa = PBXBuildFile; fileRef = 2C30BA9B28527D3C00553121 /* ContentView.swift */; };
		2C30BA9E28527D3E00553121 /* Assets.xcassets in Resources */ = {isa = PBXBuildFile; fileRef = 2C30BA9D28527D3E00553121 /* Assets.xcassets */; };
		2C30BAA228527D3E00553121 /* Preview Assets.xcassets in Resources */ = {isa = PBXBuildFile; fileRef = 2C30BAA128527D3E00553121 /* Preview Assets.xcassets */; };
		2C9F03672854B81A00251D96 /* PokeAPI in Frameworks */ = {isa = PBXBuildFile; productRef = 2C9F03662854B81A00251D96 /* PokeAPI */; };
		2C9F03712854C4B900251D96 /* AllPokemonsScreen.swift in Sources */ = {isa = PBXBuildFile; fileRef = 2C9F03702854C4B900251D96 /* AllPokemonsScreen.swift */; };
		2C9F03742854C60B00251D96 /* Sidebar.swift in Sources */ = {isa = PBXBuildFile; fileRef = 2C9F03732854C60B00251D96 /* Sidebar.swift */; };
		2C9F03762854C6BC00251D96 /* DetailColumn.swift in Sources */ = {isa = PBXBuildFile; fileRef = 2C9F03752854C6BC00251D96 /* DetailColumn.swift */; };
		2C9F03792854CB7900251D96 /* PokemonModel.swift in Sources */ = {isa = PBXBuildFile; fileRef = 2C9F03782854CB7900251D96 /* PokemonModel.swift */; };
/* End PBXBuildFile section */

/* Begin PBXFileReference section */
		2C30BA9128527D3C00553121 /* SwiftyDex.app */ = {isa = PBXFileReference; explicitFileType = wrapper.application; includeInIndex = 0; path = SwiftyDex.app; sourceTree = BUILT_PRODUCTS_DIR; };
		2C30BA9428527D3C00553121 /* SwiftyDexApp.swift */ = {isa = PBXFileReference; lastKnownFileType = sourcecode.swift; path = SwiftyDexApp.swift; sourceTree = "<group>"; };
		2C30BA9628527D3C00553121 /* Persistence.swift */ = {isa = PBXFileReference; lastKnownFileType = sourcecode.swift; path = Persistence.swift; sourceTree = "<group>"; };
		2C30BA9928527D3C00553121 /* SwiftyDex.xcdatamodel */ = {isa = PBXFileReference; lastKnownFileType = wrapper.xcdatamodel; path = SwiftyDex.xcdatamodel; sourceTree = "<group>"; };
		2C30BA9B28527D3C00553121 /* ContentView.swift */ = {isa = PBXFileReference; lastKnownFileType = sourcecode.swift; path = ContentView.swift; sourceTree = "<group>"; };
		2C30BA9D28527D3E00553121 /* Assets.xcassets */ = {isa = PBXFileReference; lastKnownFileType = folder.assetcatalog; path = Assets.xcassets; sourceTree = "<group>"; };
		2C30BA9F28527D3E00553121 /* SwiftyDex.entitlements */ = {isa = PBXFileReference; lastKnownFileType = text.plist.entitlements; path = SwiftyDex.entitlements; sourceTree = "<group>"; };
		2C30BAA128527D3E00553121 /* Preview Assets.xcassets */ = {isa = PBXFileReference; lastKnownFileType = folder.assetcatalog; path = "Preview Assets.xcassets"; sourceTree = "<group>"; };
		2C9F03642854B4CC00251D96 /* PokeAPI */ = {isa = PBXFileReference; lastKnownFileType = wrapper; path = PokeAPI; sourceTree = "<group>"; };
		2C9F03702854C4B900251D96 /* AllPokemonsScreen.swift */ = {isa = PBXFileReference; lastKnownFileType = sourcecode.swift; path = AllPokemonsScreen.swift; sourceTree = "<group>"; };
		2C9F03732854C60B00251D96 /* Sidebar.swift */ = {isa = PBXFileReference; lastKnownFileType = sourcecode.swift; path = Sidebar.swift; sourceTree = "<group>"; };
		2C9F03752854C6BC00251D96 /* DetailColumn.swift */ = {isa = PBXFileReference; lastKnownFileType = sourcecode.swift; path = DetailColumn.swift; sourceTree = "<group>"; };
		2C9F03782854CB7900251D96 /* PokemonModel.swift */ = {isa = PBXFileReference; lastKnownFileType = sourcecode.swift; path = PokemonModel.swift; sourceTree = "<group>"; };
/* End PBXFileReference section */

/* Begin PBXFrameworksBuildPhase section */
		2C30BA8E28527D3C00553121 /* Frameworks */ = {
			isa = PBXFrameworksBuildPhase;
			buildActionMask = 2147483647;
			files = (
				2C9F03672854B81A00251D96 /* PokeAPI in Frameworks */,
			);
			runOnlyForDeploymentPostprocessing = 0;
		};
/* End PBXFrameworksBuildPhase section */

/* Begin PBXGroup section */
		2C30BA8828527D3C00553121 = {
			isa = PBXGroup;
			children = (
				2C9F03652854B81A00251D96 /* Frameworks */,
				2C9F03632854B45B00251D96 /* Packages */,
				2C30BA9228527D3C00553121 /* Products */,
				2C30BA9328527D3C00553121 /* SwiftyDex */,
			);
			sourceTree = "<group>";
		};
		2C30BA9228527D3C00553121 /* Products */ = {
			isa = PBXGroup;
			children = (
				2C30BA9128527D3C00553121 /* SwiftyDex.app */,
			);
			name = Products;
			sourceTree = "<group>";
		};
		2C30BA9328527D3C00553121 /* SwiftyDex */ = {
			isa = PBXGroup;
			children = (
				2C30BA9F28527D3E00553121 /* SwiftyDex.entitlements */,
				2C30BA9B28527D3C00553121 /* ContentView.swift */,
				2C30BA9428527D3C00553121 /* SwiftyDexApp.swift */,
				2C30BA9D28527D3E00553121 /* Assets.xcassets */,
				2C9F03692854C3E300251D96 /* Models */,
				2C30BAA028527D3E00553121 /* Preview Content */,
				2C9F03682854C3D300251D96 /* Utilities */,
				2C9F036D2854C48700251D96 /* Views */,
			);
			path = SwiftyDex;
			sourceTree = "<group>";
		};
		2C30BAA028527D3E00553121 /* Preview Content */ = {
			isa = PBXGroup;
			children = (
				2C30BAA128527D3E00553121 /* Preview Assets.xcassets */,
			);
			path = "Preview Content";
			sourceTree = "<group>";
		};
		2C9F03632854B45B00251D96 /* Packages */ = {
			isa = PBXGroup;
			children = (
				2C9F03642854B4CC00251D96 /* PokeAPI */,
			);
			path = Packages;
			sourceTree = "<group>";
		};
		2C9F03652854B81A00251D96 /* Frameworks */ = {
			isa = PBXGroup;
			children = (
			);
			name = Frameworks;
			sourceTree = "<group>";
		};
		2C9F03682854C3D300251D96 /* Utilities */ = {
			isa = PBXGroup;
			children = (
				2C30BA9628527D3C00553121 /* Persistence.swift */,
			);
			path = Utilities;
			sourceTree = "<group>";
		};
		2C9F03692854C3E300251D96 /* Models */ = {
			isa = PBXGroup;
			children = (
				2C9F03772854CB4B00251D96 /* ViewModels */,
				2C9F036A2854C3E900251D96 /* CoreData */,
			);
			path = Models;
			sourceTree = "<group>";
		};
		2C9F036A2854C3E900251D96 /* CoreData */ = {
			isa = PBXGroup;
			children = (
				2C30BA9828527D3C00553121 /* SwiftyDex.xcdatamodeld */,
			);
			path = CoreData;
			sourceTree = "<group>";
		};
		2C9F036D2854C48700251D96 /* Views */ = {
			isa = PBXGroup;
			children = (
				2C9F03722854C5F800251D96 /* Navigation */,
				2C9F036F2854C4AC00251D96 /* Screens */,
			);
			path = Views;
			sourceTree = "<group>";
		};
		2C9F036F2854C4AC00251D96 /* Screens */ = {
			isa = PBXGroup;
			children = (
				2C9F03702854C4B900251D96 /* AllPokemonsScreen.swift */,
			);
			path = Screens;
			sourceTree = "<group>";
		};
		2C9F03722854C5F800251D96 /* Navigation */ = {
			isa = PBXGroup;
			children = (
				2C9F03752854C6BC00251D96 /* DetailColumn.swift */,
				2C9F03732854C60B00251D96 /* Sidebar.swift */,
			);
			path = Navigation;
			sourceTree = "<group>";
		};
		2C9F03772854CB4B00251D96 /* ViewModels */ = {
			isa = PBXGroup;
			children = (
				2C9F03782854CB7900251D96 /* PokemonModel.swift */,
			);
			path = ViewModels;
			sourceTree = "<group>";
		};
/* End PBXGroup section */

/* Begin PBXNativeTarget section */
		2C30BA9028527D3C00553121 /* SwiftyDex */ = {
			isa = PBXNativeTarget;
			buildConfigurationList = 2C30BAA528527D3E00553121 /* Build configuration list for PBXNativeTarget "SwiftyDex" */;
			buildPhases = (
				2C30BAA82852813500553121 /* Pre Compile */,
				2C30BA8D28527D3C00553121 /* Sources */,
				2C30BA8E28527D3C00553121 /* Frameworks */,
				2C30BA8F28527D3C00553121 /* Resources */,
			);
			buildRules = (
			);
			dependencies = (
			);
			name = SwiftyDex;
			packageProductDependencies = (
				2C9F03662854B81A00251D96 /* PokeAPI */,
			);
			productName = SwiftyDex;
			productReference = 2C30BA9128527D3C00553121 /* SwiftyDex.app */;
			productType = "com.apple.product-type.application";
		};
/* End PBXNativeTarget section */

/* Begin PBXProject section */
		2C30BA8928527D3C00553121 /* Project object */ = {
			isa = PBXProject;
			attributes = {
				BuildIndependentTargetsInParallel = 1;
				LastSwiftUpdateCheck = 1400;
				LastUpgradeCheck = 1400;
				TargetAttributes = {
					2C30BA9028527D3C00553121 = {
						CreatedOnToolsVersion = 14.0;
					};
				};
			};
			buildConfigurationList = 2C30BA8C28527D3C00553121 /* Build configuration list for PBXProject "SwiftyDex" */;
			compatibilityVersion = "Xcode 14.0";
			developmentRegion = en;
			hasScannedForEncodings = 0;
			knownRegions = (
				en,
				Base,
			);
			mainGroup = 2C30BA8828527D3C00553121;
			productRefGroup = 2C30BA9228527D3C00553121 /* Products */;
			projectDirPath = "";
			projectRoot = "";
			targets = (
				2C30BA9028527D3C00553121 /* SwiftyDex */,
			);
		};
/* End PBXProject section */

/* Begin PBXResourcesBuildPhase section */
		2C30BA8F28527D3C00553121 /* Resources */ = {
			isa = PBXResourcesBuildPhase;
			buildActionMask = 2147483647;
			files = (
				2C30BAA228527D3E00553121 /* Preview Assets.xcassets in Resources */,
				2C30BA9E28527D3E00553121 /* Assets.xcassets in Resources */,
			);
			runOnlyForDeploymentPostprocessing = 0;
		};
/* End PBXResourcesBuildPhase section */

/* Begin PBXShellScriptBuildPhase section */
		2C30BAA82852813500553121 /* Pre Compile */ = {
			isa = PBXShellScriptBuildPhase;
			alwaysOutOfDate = 1;
			buildActionMask = 2147483647;
			files = (
			);
			inputFileListPaths = (
			);
			inputPaths = (
			);
			name = "Pre Compile";
			outputFileListPaths = (
			);
			outputPaths = (
			);
			runOnlyForDeploymentPostprocessing = 0;
			shellPath = /bin/sh;
			shellScript = "if which swiftformat >/dev/null; then\n    swiftformat .\nelse\n    echo \"warning: SwiftFormat not installed, download from https://github.com/nicklockwood/SwiftFormat\"\nfi\n\nif which swiftlint >/dev/null; then\n    swiftlint\nelse\n    echo \"warning: SwiftLint not installed, download from https://github.com/realm/SwiftLint\"\nfi\n";
		};
/* End PBXShellScriptBuildPhase section */

/* Begin PBXSourcesBuildPhase section */
		2C30BA8D28527D3C00553121 /* Sources */ = {
			isa = PBXSourcesBuildPhase;
			buildActionMask = 2147483647;
			files = (
				2C30BA9528527D3C00553121 /* SwiftyDexApp.swift in Sources */,
				2C9F03762854C6BC00251D96 /* DetailColumn.swift in Sources */,
				2C9F03712854C4B900251D96 /* AllPokemonsScreen.swift in Sources */,
				2C30BA9A28527D3C00553121 /* SwiftyDex.xcdatamodeld in Sources */,
				2C30BA9C28527D3C00553121 /* ContentView.swift in Sources */,
				2C9F03742854C60B00251D96 /* Sidebar.swift in Sources */,
				2C30BA9728527D3C00553121 /* Persistence.swift in Sources */,
				2C9F03792854CB7900251D96 /* PokemonModel.swift in Sources */,
			);
			runOnlyForDeploymentPostprocessing = 0;
		};
/* End PBXSourcesBuildPhase section */

/* Begin XCBuildConfiguration section */
		2C30BAA328527D3E00553121 /* Debug */ = {
			isa = XCBuildConfiguration;
			buildSettings = {
				ALWAYS_SEARCH_USER_PATHS = NO;
				CLANG_ANALYZER_NONNULL = YES;
				CLANG_ANALYZER_NUMBER_OBJECT_CONVERSION = YES_AGGRESSIVE;
				CLANG_CXX_LANGUAGE_STANDARD = "gnu++17";
				CLANG_ENABLE_MODULES = YES;
				CLANG_ENABLE_OBJC_ARC = YES;
				CLANG_ENABLE_OBJC_WEAK = YES;
				CLANG_WARN_BLOCK_CAPTURE_AUTORELEASING = YES;
				CLANG_WARN_BOOL_CONVERSION = YES;
				CLANG_WARN_COMMA = YES;
				CLANG_WARN_CONSTANT_CONVERSION = YES;
				CLANG_WARN_DEPRECATED_OBJC_IMPLEMENTATIONS = YES;
				CLANG_WARN_DIRECT_OBJC_ISA_USAGE = YES_ERROR;
				CLANG_WARN_DOCUMENTATION_COMMENTS = YES;
				CLANG_WARN_EMPTY_BODY = YES;
				CLANG_WARN_ENUM_CONVERSION = YES;
				CLANG_WARN_INFINITE_RECURSION = YES;
				CLANG_WARN_INT_CONVERSION = YES;
				CLANG_WARN_NON_LITERAL_NULL_CONVERSION = YES;
				CLANG_WARN_OBJC_IMPLICIT_RETAIN_SELF = YES;
				CLANG_WARN_OBJC_LITERAL_CONVERSION = YES;
				CLANG_WARN_OBJC_ROOT_CLASS = YES_ERROR;
				CLANG_WARN_QUOTED_INCLUDE_IN_FRAMEWORK_HEADER = YES;
				CLANG_WARN_RANGE_LOOP_ANALYSIS = YES;
				CLANG_WARN_STRICT_PROTOTYPES = YES;
				CLANG_WARN_SUSPICIOUS_MOVE = YES;
				CLANG_WARN_UNGUARDED_AVAILABILITY = YES_AGGRESSIVE;
				CLANG_WARN_UNREACHABLE_CODE = YES;
				CLANG_WARN__DUPLICATE_METHOD_MATCH = YES;
				COPY_PHASE_STRIP = NO;
				DEBUG_INFORMATION_FORMAT = dwarf;
				ENABLE_STRICT_OBJC_MSGSEND = YES;
				ENABLE_TESTABILITY = YES;
				GCC_C_LANGUAGE_STANDARD = gnu11;
				GCC_DYNAMIC_NO_PIC = NO;
				GCC_NO_COMMON_BLOCKS = YES;
				GCC_OPTIMIZATION_LEVEL = 0;
				GCC_PREPROCESSOR_DEFINITIONS = (
					"DEBUG=1",
					"$(inherited)",
				);
				GCC_WARN_64_TO_32_BIT_CONVERSION = YES;
				GCC_WARN_ABOUT_RETURN_TYPE = YES_ERROR;
				GCC_WARN_UNDECLARED_SELECTOR = YES;
				GCC_WARN_UNINITIALIZED_AUTOS = YES_AGGRESSIVE;
				GCC_WARN_UNUSED_FUNCTION = YES;
				GCC_WARN_UNUSED_VARIABLE = YES;
				MTL_ENABLE_DEBUG_INFO = INCLUDE_SOURCE;
				MTL_FAST_MATH = YES;
				ONLY_ACTIVE_ARCH = YES;
				SWIFT_ACTIVE_COMPILATION_CONDITIONS = DEBUG;
				SWIFT_OPTIMIZATION_LEVEL = "-Onone";
			};
			name = Debug;
		};
		2C30BAA428527D3E00553121 /* Release */ = {
			isa = XCBuildConfiguration;
			buildSettings = {
				ALWAYS_SEARCH_USER_PATHS = NO;
				CLANG_ANALYZER_NONNULL = YES;
				CLANG_ANALYZER_NUMBER_OBJECT_CONVERSION = YES_AGGRESSIVE;
				CLANG_CXX_LANGUAGE_STANDARD = "gnu++17";
				CLANG_ENABLE_MODULES = YES;
				CLANG_ENABLE_OBJC_ARC = YES;
				CLANG_ENABLE_OBJC_WEAK = YES;
				CLANG_WARN_BLOCK_CAPTURE_AUTORELEASING = YES;
				CLANG_WARN_BOOL_CONVERSION = YES;
				CLANG_WARN_COMMA = YES;
				CLANG_WARN_CONSTANT_CONVERSION = YES;
				CLANG_WARN_DEPRECATED_OBJC_IMPLEMENTATIONS = YES;
				CLANG_WARN_DIRECT_OBJC_ISA_USAGE = YES_ERROR;
				CLANG_WARN_DOCUMENTATION_COMMENTS = YES;
				CLANG_WARN_EMPTY_BODY = YES;
				CLANG_WARN_ENUM_CONVERSION = YES;
				CLANG_WARN_INFINITE_RECURSION = YES;
				CLANG_WARN_INT_CONVERSION = YES;
				CLANG_WARN_NON_LITERAL_NULL_CONVERSION = YES;
				CLANG_WARN_OBJC_IMPLICIT_RETAIN_SELF = YES;
				CLANG_WARN_OBJC_LITERAL_CONVERSION = YES;
				CLANG_WARN_OBJC_ROOT_CLASS = YES_ERROR;
				CLANG_WARN_QUOTED_INCLUDE_IN_FRAMEWORK_HEADER = YES;
				CLANG_WARN_RANGE_LOOP_ANALYSIS = YES;
				CLANG_WARN_STRICT_PROTOTYPES = YES;
				CLANG_WARN_SUSPICIOUS_MOVE = YES;
				CLANG_WARN_UNGUARDED_AVAILABILITY = YES_AGGRESSIVE;
				CLANG_WARN_UNREACHABLE_CODE = YES;
				CLANG_WARN__DUPLICATE_METHOD_MATCH = YES;
				COPY_PHASE_STRIP = NO;
				DEBUG_INFORMATION_FORMAT = "dwarf-with-dsym";
				ENABLE_NS_ASSERTIONS = NO;
				ENABLE_STRICT_OBJC_MSGSEND = YES;
				GCC_C_LANGUAGE_STANDARD = gnu11;
				GCC_NO_COMMON_BLOCKS = YES;
				GCC_WARN_64_TO_32_BIT_CONVERSION = YES;
				GCC_WARN_ABOUT_RETURN_TYPE = YES_ERROR;
				GCC_WARN_UNDECLARED_SELECTOR = YES;
				GCC_WARN_UNINITIALIZED_AUTOS = YES_AGGRESSIVE;
				GCC_WARN_UNUSED_FUNCTION = YES;
				GCC_WARN_UNUSED_VARIABLE = YES;
				MTL_ENABLE_DEBUG_INFO = NO;
				MTL_FAST_MATH = YES;
				SWIFT_COMPILATION_MODE = wholemodule;
				SWIFT_OPTIMIZATION_LEVEL = "-O";
			};
			name = Release;
		};
		2C30BAA628527D3E00553121 /* Debug */ = {
			isa = XCBuildConfiguration;
			buildSettings = {
				ASSETCATALOG_COMPILER_APPICON_NAME = AppIcon;
				ASSETCATALOG_COMPILER_GLOBAL_ACCENT_COLOR_NAME = AccentColor;
				CODE_SIGN_ENTITLEMENTS = SwiftyDex/SwiftyDex.entitlements;
				CODE_SIGN_STYLE = Automatic;
				CURRENT_PROJECT_VERSION = 1;
				DEVELOPMENT_ASSET_PATHS = "\"SwiftyDex/Preview Content\"";
				DEVELOPMENT_TEAM = DXUKH9VF73;
				ENABLE_HARDENED_RUNTIME = YES;
				ENABLE_PREVIEWS = YES;
				GENERATE_INFOPLIST_FILE = YES;
				"INFOPLIST_KEY_UILaunchScreen_Generation[sdk=iphoneos*]" = YES;
				"INFOPLIST_KEY_UILaunchScreen_Generation[sdk=iphonesimulator*]" = YES;
				INFOPLIST_KEY_UISupportedInterfaceOrientations_iPad = "UIInterfaceOrientationPortrait UIInterfaceOrientationPortraitUpsideDown UIInterfaceOrientationLandscapeLeft UIInterfaceOrientationLandscapeRight";
				INFOPLIST_KEY_UISupportedInterfaceOrientations_iPhone = "UIInterfaceOrientationPortrait UIInterfaceOrientationLandscapeLeft UIInterfaceOrientationLandscapeRight";
				IPHONEOS_DEPLOYMENT_TARGET = 16.0;
				LD_RUNPATH_SEARCH_PATHS = "@executable_path/Frameworks";
				"LD_RUNPATH_SEARCH_PATHS[sdk=macosx*]" = "@executable_path/../Frameworks";
				MACOSX_DEPLOYMENT_TARGET = 12.5;
				MARKETING_VERSION = 1.0;
				PRODUCT_BUNDLE_IDENTIFIER = io.kamaal.SwiftyDex;
				PRODUCT_NAME = "$(TARGET_NAME)";
				SDKROOT = auto;
				SUPPORTED_PLATFORMS = "iphoneos iphonesimulator macosx";
				SWIFT_EMIT_LOC_STRINGS = YES;
				SWIFT_VERSION = 5.0;
				TARGETED_DEVICE_FAMILY = "1,2";
			};
			name = Debug;
		};
		2C30BAA728527D3E00553121 /* Release */ = {
			isa = XCBuildConfiguration;
			buildSettings = {
				ASSETCATALOG_COMPILER_APPICON_NAME = AppIcon;
				ASSETCATALOG_COMPILER_GLOBAL_ACCENT_COLOR_NAME = AccentColor;
				CODE_SIGN_ENTITLEMENTS = SwiftyDex/SwiftyDex.entitlements;
				CODE_SIGN_STYLE = Automatic;
				CURRENT_PROJECT_VERSION = 1;
				DEVELOPMENT_ASSET_PATHS = "\"SwiftyDex/Preview Content\"";
				DEVELOPMENT_TEAM = DXUKH9VF73;
				ENABLE_HARDENED_RUNTIME = YES;
				ENABLE_PREVIEWS = YES;
				GENERATE_INFOPLIST_FILE = YES;
				"INFOPLIST_KEY_UILaunchScreen_Generation[sdk=iphoneos*]" = YES;
				"INFOPLIST_KEY_UILaunchScreen_Generation[sdk=iphonesimulator*]" = YES;
				INFOPLIST_KEY_UISupportedInterfaceOrientations_iPad = "UIInterfaceOrientationPortrait UIInterfaceOrientationPortraitUpsideDown UIInterfaceOrientationLandscapeLeft UIInterfaceOrientationLandscapeRight";
				INFOPLIST_KEY_UISupportedInterfaceOrientations_iPhone = "UIInterfaceOrientationPortrait UIInterfaceOrientationLandscapeLeft UIInterfaceOrientationLandscapeRight";
				IPHONEOS_DEPLOYMENT_TARGET = 16.0;
				LD_RUNPATH_SEARCH_PATHS = "@executable_path/Frameworks";
				"LD_RUNPATH_SEARCH_PATHS[sdk=macosx*]" = "@executable_path/../Frameworks";
				MACOSX_DEPLOYMENT_TARGET = 12.5;
				MARKETING_VERSION = 1.0;
				PRODUCT_BUNDLE_IDENTIFIER = io.kamaal.SwiftyDex;
				PRODUCT_NAME = "$(TARGET_NAME)";
				SDKROOT = auto;
				SUPPORTED_PLATFORMS = "iphoneos iphonesimulator macosx";
				SWIFT_EMIT_LOC_STRINGS = YES;
				SWIFT_VERSION = 5.0;
				TARGETED_DEVICE_FAMILY = "1,2";
			};
			name = Release;
		};
/* End XCBuildConfiguration section */

/* Begin XCConfigurationList section */
		2C30BA8C28527D3C00553121 /* Build configuration list for PBXProject "SwiftyDex" */ = {
			isa = XCConfigurationList;
			buildConfigurations = (
				2C30BAA328527D3E00553121 /* Debug */,
				2C30BAA428527D3E00553121 /* Release */,
			);
			defaultConfigurationIsVisible = 0;
			defaultConfigurationName = Release;
		};
		2C30BAA528527D3E00553121 /* Build configuration list for PBXNativeTarget "SwiftyDex" */ = {
			isa = XCConfigurationList;
			buildConfigurations = (
				2C30BAA628527D3E00553121 /* Debug */,
				2C30BAA728527D3E00553121 /* Release */,
			);
			defaultConfigurationIsVisible = 0;
			defaultConfigurationName = Release;
		};
/* End XCConfigurationList section */

/* Begin XCSwiftPackageProductDependency section */
		2C9F03662854B81A00251D96 /* PokeAPI */ = {
			isa = XCSwiftPackageProductDependency;
			productName = PokeAPI;
		};
/* End XCSwiftPackageProductDependency section */

/* Begin XCVersionGroup section */
		2C30BA9828527D3C00553121 /* SwiftyDex.xcdatamodeld */ = {
			isa = XCVersionGroup;
			children = (
				2C30BA9928527D3C00553121 /* SwiftyDex.xcdatamodel */,
			);
			currentVersion = 2C30BA9928527D3C00553121 /* SwiftyDex.xcdatamodel */;
			path = SwiftyDex.xcdatamodeld;
			sourceTree = "<group>";
			versionGroupType = wrapper.xcdatamodel;
		};
/* End XCVersionGroup section */
	};
	rootObject = 2C30BA8928527D3C00553121 /* Project object */;
}
