// !$*UTF8*$!
{
	archiveVersion = 1;
	classes = {
	};
	objectVersion = 56;
	objects = {

/* Begin PBXBuildFile section */
		2C30BA9528527D3C00553121 /* SwiftyDexApp.swift in Sources */ = {isa = PBXBuildFile; fileRef = 2C30BA9428527D3C00553121 /* SwiftyDexApp.swift */; };
		2C30BA9728527D3C00553121 /* Persistence.swift in Sources */ = {isa = PBXBuildFile; fileRef = 2C30BA9628527D3C00553121 /* Persistence.swift */; };
		2C30BA9A28527D3C00553121 /* SwiftyDex.xcdatamodeld in Sources */ = {isa = PBXBuildFile; fileRef = 2C30BA9828527D3C00553121 /* SwiftyDex.xcdatamodeld */; };
		2C30BA9C28527D3C00553121 /* ContentView.swift in Sources */ = {isa = PBXBuildFile; fileRef = 2C30BA9B28527D3C00553121 /* ContentView.swift */; };
		2C30BA9E28527D3E00553121 /* Assets.xcassets in Resources */ = {isa = PBXBuildFile; fileRef = 2C30BA9D28527D3E00553121 /* Assets.xcassets */; };
		2C30BAA228527D3E00553121 /* Preview Assets.xcassets in Resources */ = {isa = PBXBuildFile; fileRef = 2C30BAA128527D3E00553121 /* Preview Assets.xcassets */; };
		2C4F86DD2856526400DCB506 /* PokemonProfileImage.swift in Sources */ = {isa = PBXBuildFile; fileRef = 2C4F86DC2856526400DCB506 /* PokemonProfileImage.swift */; };
		2C4F86E0285657A300DCB506 /* PokemonDetailsSheet.swift in Sources */ = {isa = PBXBuildFile; fileRef = 2C4F86DF285657A300DCB506 /* PokemonDetailsSheet.swift */; };
		2C735805285F9FB300D5922A /* AppSizes.swift in Sources */ = {isa = PBXBuildFile; fileRef = 2C735804285F9FB300D5922A /* AppSizes.swift */; };
		2C735807285F9FF200D5922A /* View+extensions.swift in Sources */ = {isa = PBXBuildFile; fileRef = 2C735806285F9FF200D5922A /* View+extensions.swift */; };
		2C8A8704285F5F500071A984 /* DeviceKey.swift in Sources */ = {isa = PBXBuildFile; fileRef = 2C8A8703285F5F500071A984 /* DeviceKey.swift */; };
		2C9C7EC22859040A0034123A /* PokemonTypes+extensions.swift in Sources */ = {isa = PBXBuildFile; fileRef = 2C9C7EC12859040A0034123A /* PokemonTypes+extensions.swift */; };
		2C9F03712854C4B900251D96 /* PokedexScreen.swift in Sources */ = {isa = PBXBuildFile; fileRef = 2C9F03702854C4B900251D96 /* PokedexScreen.swift */; };
		2C9F03742854C60B00251D96 /* Sidebar.swift in Sources */ = {isa = PBXBuildFile; fileRef = 2C9F03732854C60B00251D96 /* Sidebar.swift */; };
		2C9F03762854C6BC00251D96 /* DetailColumn.swift in Sources */ = {isa = PBXBuildFile; fileRef = 2C9F03752854C6BC00251D96 /* DetailColumn.swift */; };
		2C9F03792854CB7900251D96 /* PokemonModel.swift in Sources */ = {isa = PBXBuildFile; fileRef = 2C9F03782854CB7900251D96 /* PokemonModel.swift */; };
		2CB7A5822857B50A001CD00E /* PokemonTypeView.swift in Sources */ = {isa = PBXBuildFile; fileRef = 2CB7A5812857B50A001CD00E /* PokemonTypeView.swift */; };
		2CBB8DDE285CF5EB00505FAE /* APIModels in Frameworks */ = {isa = PBXBuildFile; productRef = 2CBB8DDD285CF5EB00505FAE /* APIModels */; };
		2CBB8DE5285D01C300505FAE /* APIClient in Frameworks */ = {isa = PBXBuildFile; productRef = 2CBB8DE4285D01C300505FAE /* APIClient */; };
		2CEA34E228550F060011B9B9 /* UrlImageView in Frameworks */ = {isa = PBXBuildFile; productRef = 2CEA34E128550F060011B9B9 /* UrlImageView */; };
		2CEA34E528550FF40011B9B9 /* ShrimpExtensions in Frameworks */ = {isa = PBXBuildFile; productRef = 2CEA34E428550FF40011B9B9 /* ShrimpExtensions */; };
		2CEA34EB28551B850011B9B9 /* SalmonUI in Frameworks */ = {isa = PBXBuildFile; productRef = 2CEA34EA28551B850011B9B9 /* SalmonUI */; };
		2CFC5266285641AD00180A98 /* PokedexItemView.swift in Sources */ = {isa = PBXBuildFile; fileRef = 2CFC5265285641AD00180A98 /* PokedexItemView.swift */; };
		2CFC54712854FED2006CDB11 /* Navigator.swift in Sources */ = {isa = PBXBuildFile; fileRef = 2CFC54702854FED2006CDB11 /* Navigator.swift */; };
/* End PBXBuildFile section */

/* Begin PBXFileReference section */
		2C30BA9128527D3C00553121 /* SwiftyDex.app */ = {isa = PBXFileReference; explicitFileType = wrapper.application; includeInIndex = 0; path = SwiftyDex.app; sourceTree = BUILT_PRODUCTS_DIR; };
		2C30BA9428527D3C00553121 /* SwiftyDexApp.swift */ = {isa = PBXFileReference; lastKnownFileType = sourcecode.swift; path = SwiftyDexApp.swift; sourceTree = "<group>"; };
		2C30BA9628527D3C00553121 /* Persistence.swift */ = {isa = PBXFileReference; lastKnownFileType = sourcecode.swift; path = Persistence.swift; sourceTree = "<group>"; };
		2C30BA9928527D3C00553121 /* SwiftyDex.xcdatamodel */ = {isa = PBXFileReference; lastKnownFileType = wrapper.xcdatamodel; path = SwiftyDex.xcdatamodel; sourceTree = "<group>"; };
		2C30BA9B28527D3C00553121 /* ContentView.swift */ = {isa = PBXFileReference; lastKnownFileType = sourcecode.swift; path = ContentView.swift; sourceTree = "<group>"; };
		2C30BA9D28527D3E00553121 /* Assets.xcassets */ = {isa = PBXFileReference; lastKnownFileType = folder.assetcatalog; path = Assets.xcassets; sourceTree = "<group>"; };
		2C30BA9F28527D3E00553121 /* SwiftyDex.entitlements */ = {isa = PBXFileReference; lastKnownFileType = text.plist.entitlements; path = SwiftyDex.entitlements; sourceTree = "<group>"; };
		2C30BAA128527D3E00553121 /* Preview Assets.xcassets */ = {isa = PBXFileReference; lastKnownFileType = folder.assetcatalog; path = "Preview Assets.xcassets"; sourceTree = "<group>"; };
		2C4F86DC2856526400DCB506 /* PokemonProfileImage.swift */ = {isa = PBXFileReference; lastKnownFileType = sourcecode.swift; path = PokemonProfileImage.swift; sourceTree = "<group>"; };
		2C4F86DF285657A300DCB506 /* PokemonDetailsSheet.swift */ = {isa = PBXFileReference; lastKnownFileType = sourcecode.swift; path = PokemonDetailsSheet.swift; sourceTree = "<group>"; };
		2C735804285F9FB300D5922A /* AppSizes.swift */ = {isa = PBXFileReference; lastKnownFileType = sourcecode.swift; path = AppSizes.swift; sourceTree = "<group>"; };
		2C735806285F9FF200D5922A /* View+extensions.swift */ = {isa = PBXFileReference; lastKnownFileType = sourcecode.swift; path = "View+extensions.swift"; sourceTree = "<group>"; };
		2C8A8703285F5F500071A984 /* DeviceKey.swift */ = {isa = PBXFileReference; lastKnownFileType = sourcecode.swift; path = DeviceKey.swift; sourceTree = "<group>"; };
		2C9C7EC12859040A0034123A /* PokemonTypes+extensions.swift */ = {isa = PBXFileReference; lastKnownFileType = sourcecode.swift; path = "PokemonTypes+extensions.swift"; sourceTree = "<group>"; };
		2C9F03642854B4CC00251D96 /* PokeAPI */ = {isa = PBXFileReference; lastKnownFileType = wrapper; path = PokeAPI; sourceTree = "<group>"; };
		2C9F03702854C4B900251D96 /* PokedexScreen.swift */ = {isa = PBXFileReference; lastKnownFileType = sourcecode.swift; path = PokedexScreen.swift; sourceTree = "<group>"; };
		2C9F03732854C60B00251D96 /* Sidebar.swift */ = {isa = PBXFileReference; lastKnownFileType = sourcecode.swift; path = Sidebar.swift; sourceTree = "<group>"; };
		2C9F03752854C6BC00251D96 /* DetailColumn.swift */ = {isa = PBXFileReference; lastKnownFileType = sourcecode.swift; path = DetailColumn.swift; sourceTree = "<group>"; };
		2C9F03782854CB7900251D96 /* PokemonModel.swift */ = {isa = PBXFileReference; lastKnownFileType = sourcecode.swift; path = PokemonModel.swift; sourceTree = "<group>"; };
		2CA9B365285CF33A00975053 /* API */ = {isa = PBXFileReference; lastKnownFileType = wrapper; path = API; sourceTree = "<group>"; };
		2CB7A5812857B50A001CD00E /* PokemonTypeView.swift */ = {isa = PBXFileReference; lastKnownFileType = sourcecode.swift; path = PokemonTypeView.swift; sourceTree = "<group>"; };
		2CBB8DDC285CF56100505FAE /* APIModels */ = {isa = PBXFileReference; lastKnownFileType = wrapper; path = APIModels; sourceTree = "<group>"; };
		2CBB8DDF285CF68600505FAE /* APIClient */ = {isa = PBXFileReference; lastKnownFileType = wrapper; path = APIClient; sourceTree = "<group>"; };
		2CBB8DE0285CF73900505FAE /* ClientKit */ = {isa = PBXFileReference; lastKnownFileType = wrapper; path = ClientKit; sourceTree = "<group>"; };
		2CBB8DE1285CFC9200505FAE /* PokeAPIModels */ = {isa = PBXFileReference; lastKnownFileType = wrapper; path = PokeAPIModels; sourceTree = "<group>"; };
		2CFC5265285641AD00180A98 /* PokedexItemView.swift */ = {isa = PBXFileReference; lastKnownFileType = sourcecode.swift; path = PokedexItemView.swift; sourceTree = "<group>"; };
		2CFC54702854FED2006CDB11 /* Navigator.swift */ = {isa = PBXFileReference; lastKnownFileType = sourcecode.swift; path = Navigator.swift; sourceTree = "<group>"; };
/* End PBXFileReference section */

/* Begin PBXFrameworksBuildPhase section */
		2C30BA8E28527D3C00553121 /* Frameworks */ = {
			isa = PBXFrameworksBuildPhase;
			buildActionMask = 2147483647;
			files = (
				2CEA34EB28551B850011B9B9 /* SalmonUI in Frameworks */,
				2CBB8DDE285CF5EB00505FAE /* APIModels in Frameworks */,
				2CEA34E528550FF40011B9B9 /* ShrimpExtensions in Frameworks */,
				2CBB8DE5285D01C300505FAE /* APIClient in Frameworks */,
				2CEA34E228550F060011B9B9 /* UrlImageView in Frameworks */,
			);
			runOnlyForDeploymentPostprocessing = 0;
		};
/* End PBXFrameworksBuildPhase section */

/* Begin PBXGroup section */
		2C30BA8828527D3C00553121 = {
			isa = PBXGroup;
			children = (
				2CA9B365285CF33A00975053 /* API */,
				2C9F03652854B81A00251D96 /* Frameworks */,
				2C9F03632854B45B00251D96 /* Packages */,
				2C30BA9228527D3C00553121 /* Products */,
				2C30BA9328527D3C00553121 /* SwiftyDex */,
			);
			sourceTree = "<group>";
		};
		2C30BA9228527D3C00553121 /* Products */ = {
			isa = PBXGroup;
			children = (
				2C30BA9128527D3C00553121 /* SwiftyDex.app */,
			);
			name = Products;
			sourceTree = "<group>";
		};
		2C30BA9328527D3C00553121 /* SwiftyDex */ = {
			isa = PBXGroup;
			children = (
				2C30BA9F28527D3E00553121 /* SwiftyDex.entitlements */,
				2C30BA9B28527D3C00553121 /* ContentView.swift */,
				2C30BA9428527D3C00553121 /* SwiftyDexApp.swift */,
				2C30BA9D28527D3E00553121 /* Assets.xcassets */,
				2C735803285F9F9E00D5922A /* Enumarations */,
				2C9C7EC0285903EE0034123A /* Extensions */,
				2C9F03692854C3E300251D96 /* Models */,
				2C30BAA028527D3E00553121 /* Preview Content */,
				2C8A8701285F5F1E0071A984 /* SwiftUI */,
				2C9F03682854C3D300251D96 /* Utilities */,
				2C9F036D2854C48700251D96 /* Views */,
			);
			path = SwiftyDex;
			sourceTree = "<group>";
		};
		2C30BAA028527D3E00553121 /* Preview Content */ = {
			isa = PBXGroup;
			children = (
				2C30BAA128527D3E00553121 /* Preview Assets.xcassets */,
			);
			path = "Preview Content";
			sourceTree = "<group>";
		};
		2C4F86DE2856578100DCB506 /* Sheets */ = {
			isa = PBXGroup;
			children = (
				2C4F86DF285657A300DCB506 /* PokemonDetailsSheet.swift */,
			);
			path = Sheets;
			sourceTree = "<group>";
		};
		2C735803285F9F9E00D5922A /* Enumarations */ = {
			isa = PBXGroup;
			children = (
				2C735804285F9FB300D5922A /* AppSizes.swift */,
			);
			path = Enumarations;
			sourceTree = "<group>";
		};
		2C8A8701285F5F1E0071A984 /* SwiftUI */ = {
			isa = PBXGroup;
			children = (
				2C8A8702285F5F2F0071A984 /* EnvironmentValues */,
			);
			path = SwiftUI;
			sourceTree = "<group>";
		};
		2C8A8702285F5F2F0071A984 /* EnvironmentValues */ = {
			isa = PBXGroup;
			children = (
				2C8A8703285F5F500071A984 /* DeviceKey.swift */,
			);
			path = EnvironmentValues;
			sourceTree = "<group>";
		};
		2C9C7EC0285903EE0034123A /* Extensions */ = {
			isa = PBXGroup;
			children = (
				2C9C7EC12859040A0034123A /* PokemonTypes+extensions.swift */,
				2C735806285F9FF200D5922A /* View+extensions.swift */,
			);
			path = Extensions;
			sourceTree = "<group>";
		};
		2C9F03632854B45B00251D96 /* Packages */ = {
			isa = PBXGroup;
			children = (
				2CBB8DDF285CF68600505FAE /* APIClient */,
				2CBB8DDC285CF56100505FAE /* APIModels */,
				2CBB8DE0285CF73900505FAE /* ClientKit */,
				2C9F03642854B4CC00251D96 /* PokeAPI */,
				2CBB8DE1285CFC9200505FAE /* PokeAPIModels */,
			);
			path = Packages;
			sourceTree = "<group>";
		};
		2C9F03652854B81A00251D96 /* Frameworks */ = {
			isa = PBXGroup;
			children = (
			);
			name = Frameworks;
			sourceTree = "<group>";
		};
		2C9F03682854C3D300251D96 /* Utilities */ = {
			isa = PBXGroup;
			children = (
				2C30BA9628527D3C00553121 /* Persistence.swift */,
			);
			path = Utilities;
			sourceTree = "<group>";
		};
		2C9F03692854C3E300251D96 /* Models */ = {
			isa = PBXGroup;
			children = (
				2C9F036A2854C3E900251D96 /* CoreData */,
				2C9F03772854CB4B00251D96 /* ViewModels */,
			);
			path = Models;
			sourceTree = "<group>";
		};
		2C9F036A2854C3E900251D96 /* CoreData */ = {
			isa = PBXGroup;
			children = (
				2C30BA9828527D3C00553121 /* SwiftyDex.xcdatamodeld */,
			);
			path = CoreData;
			sourceTree = "<group>";
		};
		2C9F036D2854C48700251D96 /* Views */ = {
			isa = PBXGroup;
			children = (
				2C9F03722854C5F800251D96 /* Navigation */,
				2C9F036F2854C4AC00251D96 /* Screens */,
				2C4F86DE2856578100DCB506 /* Sheets */,
				2CFC52642856419B00180A98 /* SupportingViews */,
			);
			path = Views;
			sourceTree = "<group>";
		};
		2C9F036F2854C4AC00251D96 /* Screens */ = {
			isa = PBXGroup;
			children = (
				2C9F03702854C4B900251D96 /* PokedexScreen.swift */,
			);
			path = Screens;
			sourceTree = "<group>";
		};
		2C9F03722854C5F800251D96 /* Navigation */ = {
			isa = PBXGroup;
			children = (
				2C9F03752854C6BC00251D96 /* DetailColumn.swift */,
				2C9F03732854C60B00251D96 /* Sidebar.swift */,
			);
			path = Navigation;
			sourceTree = "<group>";
		};
		2C9F03772854CB4B00251D96 /* ViewModels */ = {
			isa = PBXGroup;
			children = (
				2CFC54702854FED2006CDB11 /* Navigator.swift */,
				2C9F03782854CB7900251D96 /* PokemonModel.swift */,
			);
			path = ViewModels;
			sourceTree = "<group>";
		};
		2CFC52642856419B00180A98 /* SupportingViews */ = {
			isa = PBXGroup;
			children = (
				2CFC5265285641AD00180A98 /* PokedexItemView.swift */,
				2C4F86DC2856526400DCB506 /* PokemonProfileImage.swift */,
				2CB7A5812857B50A001CD00E /* PokemonTypeView.swift */,
			);
			path = SupportingViews;
			sourceTree = "<group>";
		};
/* End PBXGroup section */

/* Begin PBXNativeTarget section */
		2C30BA9028527D3C00553121 /* SwiftyDex */ = {
			isa = PBXNativeTarget;
			buildConfigurationList = 2C30BAA528527D3E00553121 /* Build configuration list for PBXNativeTarget "SwiftyDex" */;
			buildPhases = (
				2C30BAA82852813500553121 /* Pre Compile */,
				2C30BA8D28527D3C00553121 /* Sources */,
				2C30BA8E28527D3C00553121 /* Frameworks */,
				2C30BA8F28527D3C00553121 /* Resources */,
			);
			buildRules = (
			);
			dependencies = (
			);
			name = SwiftyDex;
			packageProductDependencies = (
				2CEA34E128550F060011B9B9 /* UrlImageView */,
				2CEA34E428550FF40011B9B9 /* ShrimpExtensions */,
				2CEA34EA28551B850011B9B9 /* SalmonUI */,
				2CBB8DDD285CF5EB00505FAE /* APIModels */,
				2CBB8DE4285D01C300505FAE /* APIClient */,
			);
			productName = SwiftyDex;
			productReference = 2C30BA9128527D3C00553121 /* SwiftyDex.app */;
			productType = "com.apple.product-type.application";
		};
/* End PBXNativeTarget section */

/* Begin PBXProject section */
		2C30BA8928527D3C00553121 /* Project object */ = {
			isa = PBXProject;
			attributes = {
				BuildIndependentTargetsInParallel = 1;
				LastSwiftUpdateCheck = 1400;
				LastUpgradeCheck = 1400;
				TargetAttributes = {
					2C30BA9028527D3C00553121 = {
						CreatedOnToolsVersion = 14.0;
					};
				};
			};
			buildConfigurationList = 2C30BA8C28527D3C00553121 /* Build configuration list for PBXProject "SwiftyDex" */;
			compatibilityVersion = "Xcode 14.0";
			developmentRegion = en;
			hasScannedForEncodings = 0;
			knownRegions = (
				en,
				Base,
			);
			mainGroup = 2C30BA8828527D3C00553121;
			packageReferences = (
				2CEA34E028550F060011B9B9 /* XCRemoteSwiftPackageReference "UrlImageView" */,
				2CEA34E328550FF40011B9B9 /* XCRemoteSwiftPackageReference "ShrimpExtensions" */,
				2CEA34E928551B850011B9B9 /* XCRemoteSwiftPackageReference "SalmonUI" */,
			);
			productRefGroup = 2C30BA9228527D3C00553121 /* Products */;
			projectDirPath = "";
			projectRoot = "";
			targets = (
				2C30BA9028527D3C00553121 /* SwiftyDex */,
			);
		};
/* End PBXProject section */

/* Begin PBXResourcesBuildPhase section */
		2C30BA8F28527D3C00553121 /* Resources */ = {
			isa = PBXResourcesBuildPhase;
			buildActionMask = 2147483647;
			files = (
				2C30BAA228527D3E00553121 /* Preview Assets.xcassets in Resources */,
				2C30BA9E28527D3E00553121 /* Assets.xcassets in Resources */,
			);
			runOnlyForDeploymentPostprocessing = 0;
		};
/* End PBXResourcesBuildPhase section */

/* Begin PBXShellScriptBuildPhase section */
		2C30BAA82852813500553121 /* Pre Compile */ = {
			isa = PBXShellScriptBuildPhase;
			alwaysOutOfDate = 1;
			buildActionMask = 2147483647;
			files = (
			);
			inputFileListPaths = (
			);
			inputPaths = (
			);
			name = "Pre Compile";
			outputFileListPaths = (
			);
			outputPaths = (
			);
			runOnlyForDeploymentPostprocessing = 0;
			shellPath = /bin/sh;
			shellScript = "if which swiftformat >/dev/null; then\n    swiftformat .\nelse\n    echo \"warning: SwiftFormat not installed, download from https://github.com/nicklockwood/SwiftFormat\"\nfi\n\nif which swiftlint >/dev/null; then\n    swiftlint\nelse\n    echo \"warning: SwiftLint not installed, download from https://github.com/realm/SwiftLint\"\nfi\n";
		};
/* End PBXShellScriptBuildPhase section */

/* Begin PBXSourcesBuildPhase section */
		2C30BA8D28527D3C00553121 /* Sources */ = {
			isa = PBXSourcesBuildPhase;
			buildActionMask = 2147483647;
			files = (
				2C4F86E0285657A300DCB506 /* PokemonDetailsSheet.swift in Sources */,
				2C30BA9528527D3C00553121 /* SwiftyDexApp.swift in Sources */,
				2CB7A5822857B50A001CD00E /* PokemonTypeView.swift in Sources */,
				2C4F86DD2856526400DCB506 /* PokemonProfileImage.swift in Sources */,
				2C9F03762854C6BC00251D96 /* DetailColumn.swift in Sources */,
				2C9C7EC22859040A0034123A /* PokemonTypes+extensions.swift in Sources */,
				2CFC5266285641AD00180A98 /* PokedexItemView.swift in Sources */,
				2CFC54712854FED2006CDB11 /* Navigator.swift in Sources */,
				2C735805285F9FB300D5922A /* AppSizes.swift in Sources */,
				2C9F03712854C4B900251D96 /* PokedexScreen.swift in Sources */,
				2C8A8704285F5F500071A984 /* DeviceKey.swift in Sources */,
				2C735807285F9FF200D5922A /* View+extensions.swift in Sources */,
				2C30BA9A28527D3C00553121 /* SwiftyDex.xcdatamodeld in Sources */,
				2C30BA9C28527D3C00553121 /* ContentView.swift in Sources */,
				2C9F03742854C60B00251D96 /* Sidebar.swift in Sources */,
				2C30BA9728527D3C00553121 /* Persistence.swift in Sources */,
				2C9F03792854CB7900251D96 /* PokemonModel.swift in Sources */,
			);
			runOnlyForDeploymentPostprocessing = 0;
		};
/* End PBXSourcesBuildPhase section */

/* Begin XCBuildConfiguration section */
		2C30BAA328527D3E00553121 /* Debug */ = {
			isa = XCBuildConfiguration;
			buildSettings = {
				ALWAYS_SEARCH_USER_PATHS = NO;
				CLANG_ANALYZER_NONNULL = YES;
				CLANG_ANALYZER_NUMBER_OBJECT_CONVERSION = YES_AGGRESSIVE;
				CLANG_CXX_LANGUAGE_STANDARD = "gnu++17";
				CLANG_ENABLE_MODULES = YES;
				CLANG_ENABLE_OBJC_ARC = YES;
				CLANG_ENABLE_OBJC_WEAK = YES;
				CLANG_WARN_BLOCK_CAPTURE_AUTORELEASING = YES;
				CLANG_WARN_BOOL_CONVERSION = YES;
				CLANG_WARN_COMMA = YES;
				CLANG_WARN_CONSTANT_CONVERSION = YES;
				CLANG_WARN_DEPRECATED_OBJC_IMPLEMENTATIONS = YES;
				CLANG_WARN_DIRECT_OBJC_ISA_USAGE = YES_ERROR;
				CLANG_WARN_DOCUMENTATION_COMMENTS = YES;
				CLANG_WARN_EMPTY_BODY = YES;
				CLANG_WARN_ENUM_CONVERSION = YES;
				CLANG_WARN_INFINITE_RECURSION = YES;
				CLANG_WARN_INT_CONVERSION = YES;
				CLANG_WARN_NON_LITERAL_NULL_CONVERSION = YES;
				CLANG_WARN_OBJC_IMPLICIT_RETAIN_SELF = YES;
				CLANG_WARN_OBJC_LITERAL_CONVERSION = YES;
				CLANG_WARN_OBJC_ROOT_CLASS = YES_ERROR;
				CLANG_WARN_QUOTED_INCLUDE_IN_FRAMEWORK_HEADER = YES;
				CLANG_WARN_RANGE_LOOP_ANALYSIS = YES;
				CLANG_WARN_STRICT_PROTOTYPES = YES;
				CLANG_WARN_SUSPICIOUS_MOVE = YES;
				CLANG_WARN_UNGUARDED_AVAILABILITY = YES_AGGRESSIVE;
				CLANG_WARN_UNREACHABLE_CODE = YES;
				CLANG_WARN__DUPLICATE_METHOD_MATCH = YES;
				COPY_PHASE_STRIP = NO;
				DEBUG_INFORMATION_FORMAT = dwarf;
				ENABLE_STRICT_OBJC_MSGSEND = YES;
				ENABLE_TESTABILITY = YES;
				GCC_C_LANGUAGE_STANDARD = gnu11;
				GCC_DYNAMIC_NO_PIC = NO;
				GCC_NO_COMMON_BLOCKS = YES;
				GCC_OPTIMIZATION_LEVEL = 0;
				GCC_PREPROCESSOR_DEFINITIONS = (
					"DEBUG=1",
					"$(inherited)",
				);
				GCC_WARN_64_TO_32_BIT_CONVERSION = YES;
				GCC_WARN_ABOUT_RETURN_TYPE = YES_ERROR;
				GCC_WARN_UNDECLARED_SELECTOR = YES;
				GCC_WARN_UNINITIALIZED_AUTOS = YES_AGGRESSIVE;
				GCC_WARN_UNUSED_FUNCTION = YES;
				GCC_WARN_UNUSED_VARIABLE = YES;
				MTL_ENABLE_DEBUG_INFO = INCLUDE_SOURCE;
				MTL_FAST_MATH = YES;
				ONLY_ACTIVE_ARCH = YES;
				SWIFT_ACTIVE_COMPILATION_CONDITIONS = DEBUG;
				SWIFT_OPTIMIZATION_LEVEL = "-Onone";
			};
			name = Debug;
		};
		2C30BAA428527D3E00553121 /* Release */ = {
			isa = XCBuildConfiguration;
			buildSettings = {
				ALWAYS_SEARCH_USER_PATHS = NO;
				CLANG_ANALYZER_NONNULL = YES;
				CLANG_ANALYZER_NUMBER_OBJECT_CONVERSION = YES_AGGRESSIVE;
				CLANG_CXX_LANGUAGE_STANDARD = "gnu++17";
				CLANG_ENABLE_MODULES = YES;
				CLANG_ENABLE_OBJC_ARC = YES;
				CLANG_ENABLE_OBJC_WEAK = YES;
				CLANG_WARN_BLOCK_CAPTURE_AUTORELEASING = YES;
				CLANG_WARN_BOOL_CONVERSION = YES;
				CLANG_WARN_COMMA = YES;
				CLANG_WARN_CONSTANT_CONVERSION = YES;
				CLANG_WARN_DEPRECATED_OBJC_IMPLEMENTATIONS = YES;
				CLANG_WARN_DIRECT_OBJC_ISA_USAGE = YES_ERROR;
				CLANG_WARN_DOCUMENTATION_COMMENTS = YES;
				CLANG_WARN_EMPTY_BODY = YES;
				CLANG_WARN_ENUM_CONVERSION = YES;
				CLANG_WARN_INFINITE_RECURSION = YES;
				CLANG_WARN_INT_CONVERSION = YES;
				CLANG_WARN_NON_LITERAL_NULL_CONVERSION = YES;
				CLANG_WARN_OBJC_IMPLICIT_RETAIN_SELF = YES;
				CLANG_WARN_OBJC_LITERAL_CONVERSION = YES;
				CLANG_WARN_OBJC_ROOT_CLASS = YES_ERROR;
				CLANG_WARN_QUOTED_INCLUDE_IN_FRAMEWORK_HEADER = YES;
				CLANG_WARN_RANGE_LOOP_ANALYSIS = YES;
				CLANG_WARN_STRICT_PROTOTYPES = YES;
				CLANG_WARN_SUSPICIOUS_MOVE = YES;
				CLANG_WARN_UNGUARDED_AVAILABILITY = YES_AGGRESSIVE;
				CLANG_WARN_UNREACHABLE_CODE = YES;
				CLANG_WARN__DUPLICATE_METHOD_MATCH = YES;
				COPY_PHASE_STRIP = NO;
				DEBUG_INFORMATION_FORMAT = "dwarf-with-dsym";
				ENABLE_NS_ASSERTIONS = NO;
				ENABLE_STRICT_OBJC_MSGSEND = YES;
				GCC_C_LANGUAGE_STANDARD = gnu11;
				GCC_NO_COMMON_BLOCKS = YES;
				GCC_WARN_64_TO_32_BIT_CONVERSION = YES;
				GCC_WARN_ABOUT_RETURN_TYPE = YES_ERROR;
				GCC_WARN_UNDECLARED_SELECTOR = YES;
				GCC_WARN_UNINITIALIZED_AUTOS = YES_AGGRESSIVE;
				GCC_WARN_UNUSED_FUNCTION = YES;
				GCC_WARN_UNUSED_VARIABLE = YES;
				MTL_ENABLE_DEBUG_INFO = NO;
				MTL_FAST_MATH = YES;
				SWIFT_COMPILATION_MODE = wholemodule;
				SWIFT_OPTIMIZATION_LEVEL = "-O";
			};
			name = Release;
		};
		2C30BAA628527D3E00553121 /* Debug */ = {
			isa = XCBuildConfiguration;
			buildSettings = {
				ASSETCATALOG_COMPILER_APPICON_NAME = AppIcon;
				ASSETCATALOG_COMPILER_GLOBAL_ACCENT_COLOR_NAME = AccentColor;
				CODE_SIGN_ENTITLEMENTS = SwiftyDex/SwiftyDex.entitlements;
				CODE_SIGN_STYLE = Automatic;
				CURRENT_PROJECT_VERSION = 1;
				DEVELOPMENT_ASSET_PATHS = "\"SwiftyDex/Preview Content\"";
				DEVELOPMENT_TEAM = DXUKH9VF73;
				ENABLE_HARDENED_RUNTIME = YES;
				ENABLE_PREVIEWS = YES;
				GENERATE_INFOPLIST_FILE = YES;
				INFOPLIST_KEY_LSApplicationCategoryType = "public.app-category.entertainment";
				"INFOPLIST_KEY_UILaunchScreen_Generation[sdk=iphoneos*]" = YES;
				"INFOPLIST_KEY_UILaunchScreen_Generation[sdk=iphonesimulator*]" = YES;
				INFOPLIST_KEY_UISupportedInterfaceOrientations_iPad = "UIInterfaceOrientationPortrait UIInterfaceOrientationPortraitUpsideDown UIInterfaceOrientationLandscapeLeft UIInterfaceOrientationLandscapeRight";
				INFOPLIST_KEY_UISupportedInterfaceOrientations_iPhone = "UIInterfaceOrientationPortrait UIInterfaceOrientationLandscapeLeft UIInterfaceOrientationLandscapeRight";
				IPHONEOS_DEPLOYMENT_TARGET = 16.0;
				LD_RUNPATH_SEARCH_PATHS = "@executable_path/Frameworks";
				"LD_RUNPATH_SEARCH_PATHS[sdk=macosx*]" = "@executable_path/../Frameworks";
				MACOSX_DEPLOYMENT_TARGET = 13.0;
				MARKETING_VERSION = 1.0;
				PRODUCT_BUNDLE_IDENTIFIER = io.kamaal.SwiftyDex;
				PRODUCT_NAME = "$(TARGET_NAME)";
				SDKROOT = auto;
				SUPPORTED_PLATFORMS = "iphoneos iphonesimulator macosx";
				SWIFT_EMIT_LOC_STRINGS = YES;
				SWIFT_VERSION = 5.0;
				TARGETED_DEVICE_FAMILY = "1,2";
			};
			name = Debug;
		};
		2C30BAA728527D3E00553121 /* Release */ = {
			isa = XCBuildConfiguration;
			buildSettings = {
				ASSETCATALOG_COMPILER_APPICON_NAME = AppIcon;
				ASSETCATALOG_COMPILER_GLOBAL_ACCENT_COLOR_NAME = AccentColor;
				CODE_SIGN_ENTITLEMENTS = SwiftyDex/SwiftyDex.entitlements;
				CODE_SIGN_STYLE = Automatic;
				CURRENT_PROJECT_VERSION = 1;
				DEVELOPMENT_ASSET_PATHS = "\"SwiftyDex/Preview Content\"";
				DEVELOPMENT_TEAM = DXUKH9VF73;
				ENABLE_HARDENED_RUNTIME = YES;
				ENABLE_PREVIEWS = YES;
				GENERATE_INFOPLIST_FILE = YES;
				INFOPLIST_KEY_LSApplicationCategoryType = "public.app-category.entertainment";
				"INFOPLIST_KEY_UILaunchScreen_Generation[sdk=iphoneos*]" = YES;
				"INFOPLIST_KEY_UILaunchScreen_Generation[sdk=iphonesimulator*]" = YES;
				INFOPLIST_KEY_UISupportedInterfaceOrientations_iPad = "UIInterfaceOrientationPortrait UIInterfaceOrientationPortraitUpsideDown UIInterfaceOrientationLandscapeLeft UIInterfaceOrientationLandscapeRight";
				INFOPLIST_KEY_UISupportedInterfaceOrientations_iPhone = "UIInterfaceOrientationPortrait UIInterfaceOrientationLandscapeLeft UIInterfaceOrientationLandscapeRight";
				IPHONEOS_DEPLOYMENT_TARGET = 16.0;
				LD_RUNPATH_SEARCH_PATHS = "@executable_path/Frameworks";
				"LD_RUNPATH_SEARCH_PATHS[sdk=macosx*]" = "@executable_path/../Frameworks";
				MACOSX_DEPLOYMENT_TARGET = 13.0;
				MARKETING_VERSION = 1.0;
				PRODUCT_BUNDLE_IDENTIFIER = io.kamaal.SwiftyDex;
				PRODUCT_NAME = "$(TARGET_NAME)";
				SDKROOT = auto;
				SUPPORTED_PLATFORMS = "iphoneos iphonesimulator macosx";
				SWIFT_EMIT_LOC_STRINGS = YES;
				SWIFT_VERSION = 5.0;
				TARGETED_DEVICE_FAMILY = "1,2";
			};
			name = Release;
		};
/* End XCBuildConfiguration section */

/* Begin XCConfigurationList section */
		2C30BA8C28527D3C00553121 /* Build configuration list for PBXProject "SwiftyDex" */ = {
			isa = XCConfigurationList;
			buildConfigurations = (
				2C30BAA328527D3E00553121 /* Debug */,
				2C30BAA428527D3E00553121 /* Release */,
			);
			defaultConfigurationIsVisible = 0;
			defaultConfigurationName = Release;
		};
		2C30BAA528527D3E00553121 /* Build configuration list for PBXNativeTarget "SwiftyDex" */ = {
			isa = XCConfigurationList;
			buildConfigurations = (
				2C30BAA628527D3E00553121 /* Debug */,
				2C30BAA728527D3E00553121 /* Release */,
			);
			defaultConfigurationIsVisible = 0;
			defaultConfigurationName = Release;
		};
/* End XCConfigurationList section */

/* Begin XCRemoteSwiftPackageReference section */
		2CEA34E028550F060011B9B9 /* XCRemoteSwiftPackageReference "UrlImageView" */ = {
			isa = XCRemoteSwiftPackageReference;
			repositoryURL = "https://github.com/kamaal111/UrlImageView.git";
			requirement = {
				kind = upToNextMajorVersion;
				minimumVersion = 4.0.0;
			};
		};
		2CEA34E328550FF40011B9B9 /* XCRemoteSwiftPackageReference "ShrimpExtensions" */ = {
			isa = XCRemoteSwiftPackageReference;
			repositoryURL = "https://github.com/kamaal111/ShrimpExtensions.git";
			requirement = {
				kind = upToNextMajorVersion;
				minimumVersion = 2.0.0;
			};
		};
		2CEA34E928551B850011B9B9 /* XCRemoteSwiftPackageReference "SalmonUI" */ = {
			isa = XCRemoteSwiftPackageReference;
			repositoryURL = "https://github.com/kamaal111/SalmonUI.git";
			requirement = {
				kind = upToNextMajorVersion;
				minimumVersion = 4.0.0;
			};
		};
/* End XCRemoteSwiftPackageReference section */

/* Begin XCSwiftPackageProductDependency section */
		2CBB8DDD285CF5EB00505FAE /* APIModels */ = {
			isa = XCSwiftPackageProductDependency;
			productName = APIModels;
		};
		2CBB8DE4285D01C300505FAE /* APIClient */ = {
			isa = XCSwiftPackageProductDependency;
			productName = APIClient;
		};
		2CEA34E128550F060011B9B9 /* UrlImageView */ = {
			isa = XCSwiftPackageProductDependency;
			package = 2CEA34E028550F060011B9B9 /* XCRemoteSwiftPackageReference "UrlImageView" */;
			productName = UrlImageView;
		};
		2CEA34E428550FF40011B9B9 /* ShrimpExtensions */ = {
			isa = XCSwiftPackageProductDependency;
			package = 2CEA34E328550FF40011B9B9 /* XCRemoteSwiftPackageReference "ShrimpExtensions" */;
			productName = ShrimpExtensions;
		};
		2CEA34EA28551B850011B9B9 /* SalmonUI */ = {
			isa = XCSwiftPackageProductDependency;
			package = 2CEA34E928551B850011B9B9 /* XCRemoteSwiftPackageReference "SalmonUI" */;
			productName = SalmonUI;
		};
/* End XCSwiftPackageProductDependency section */

/* Begin XCVersionGroup section */
		2C30BA9828527D3C00553121 /* SwiftyDex.xcdatamodeld */ = {
			isa = XCVersionGroup;
			children = (
				2C30BA9928527D3C00553121 /* SwiftyDex.xcdatamodel */,
			);
			currentVersion = 2C30BA9928527D3C00553121 /* SwiftyDex.xcdatamodel */;
			path = SwiftyDex.xcdatamodeld;
			sourceTree = "<group>";
			versionGroupType = wrapper.xcdatamodel;
		};
/* End XCVersionGroup section */
	};
	rootObject = 2C30BA8928527D3C00553121 /* Project object */;
}
